// !$*UTF8*$!
{
	archiveVersion = 1;
	classes = {
	};
	objectVersion = 50;
	objects = {

/* Begin PBXBuildFile section */
		1EC7774E21FB352A00A9FD76 /* ModalViewController.swift in Sources */ = {isa = PBXBuildFile; fileRef = 1EC7774D21FB352A00A9FD76 /* ModalViewController.swift */; };
		1EC7775221FC3FE200A9FD76 /* SecondModalViewController.swift in Sources */ = {isa = PBXBuildFile; fileRef = 1EC7775121FC3FE200A9FD76 /* SecondModalViewController.swift */; };
		1EDD417821F9B62300700968 /* AppDelegate.swift in Sources */ = {isa = PBXBuildFile; fileRef = 1EDD417721F9B62300700968 /* AppDelegate.swift */; };
		1EDD417A21F9B62300700968 /* ViewController.swift in Sources */ = {isa = PBXBuildFile; fileRef = 1EDD417921F9B62300700968 /* ViewController.swift */; };
		1EDD417D21F9B62300700968 /* Main.storyboard in Resources */ = {isa = PBXBuildFile; fileRef = 1EDD417B21F9B62300700968 /* Main.storyboard */; };
		1EDD417F21F9B62700700968 /* Assets.xcassets in Resources */ = {isa = PBXBuildFile; fileRef = 1EDD417E21F9B62700700968 /* Assets.xcassets */; };
		1EDD418221F9B62700700968 /* LaunchScreen.storyboard in Resources */ = {isa = PBXBuildFile; fileRef = 1EDD418021F9B62700700968 /* LaunchScreen.storyboard */; };
/* End PBXBuildFile section */

/* Begin PBXFileReference section */
		1EC7774D21FB352A00A9FD76 /* ModalViewController.swift */ = {isa = PBXFileReference; lastKnownFileType = sourcecode.swift; path = ModalViewController.swift; sourceTree = "<group>"; };
		1EC7775121FC3FE200A9FD76 /* SecondModalViewController.swift */ = {isa = PBXFileReference; lastKnownFileType = sourcecode.swift; path = SecondModalViewController.swift; sourceTree = "<group>"; };
		1EDD417421F9B62300700968 /* LogInAndSignUp.app */ = {isa = PBXFileReference; explicitFileType = wrapper.application; includeInIndex = 0; path = LogInAndSignUp.app; sourceTree = BUILT_PRODUCTS_DIR; };
		1EDD417721F9B62300700968 /* AppDelegate.swift */ = {isa = PBXFileReference; lastKnownFileType = sourcecode.swift; path = AppDelegate.swift; sourceTree = "<group>"; };
		1EDD417921F9B62300700968 /* ViewController.swift */ = {isa = PBXFileReference; lastKnownFileType = sourcecode.swift; path = ViewController.swift; sourceTree = "<group>"; };
		1EDD417C21F9B62300700968 /* Base */ = {isa = PBXFileReference; lastKnownFileType = file.storyboard; name = Base; path = Base.lproj/Main.storyboard; sourceTree = "<group>"; };
		1EDD417E21F9B62700700968 /* Assets.xcassets */ = {isa = PBXFileReference; lastKnownFileType = folder.assetcatalog; path = Assets.xcassets; sourceTree = "<group>"; };
		1EDD418121F9B62700700968 /* Base */ = {isa = PBXFileReference; lastKnownFileType = file.storyboard; name = Base; path = Base.lproj/LaunchScreen.storyboard; sourceTree = "<group>"; };
		1EDD418321F9B62700700968 /* Info.plist */ = {isa = PBXFileReference; lastKnownFileType = text.plist.xml; path = Info.plist; sourceTree = "<group>"; };
/* End PBXFileReference section */

/* Begin PBXFrameworksBuildPhase section */
		1EDD417121F9B62300700968 /* Frameworks */ = {
			isa = PBXFrameworksBuildPhase;
			buildActionMask = 2147483647;
			files = (
			);
			runOnlyForDeploymentPostprocessing = 0;
		};
/* End PBXFrameworksBuildPhase section */

/* Begin PBXGroup section */
		1EDD416B21F9B62300700968 = {
			isa = PBXGroup;
			children = (
				1EDD417621F9B62300700968 /* LogInAndSignUp */,
				1EDD417521F9B62300700968 /* Products */,
			);
			sourceTree = "<group>";
		};
		1EDD417521F9B62300700968 /* Products */ = {
			isa = PBXGroup;
			children = (
				1EDD417421F9B62300700968 /* LogInAndSignUp.app */,
			);
			name = Products;
			sourceTree = "<group>";
		};
		1EDD417621F9B62300700968 /* LogInAndSignUp */ = {
			isa = PBXGroup;
			children = (
				1EDD417721F9B62300700968 /* AppDelegate.swift */,
				1EDD417921F9B62300700968 /* ViewController.swift */,
				1EDD417B21F9B62300700968 /* Main.storyboard */,
				1EC7774D21FB352A00A9FD76 /* ModalViewController.swift */,
				1EC7775121FC3FE200A9FD76 /* SecondModalViewController.swift */,
				1EDD417E21F9B62700700968 /* Assets.xcassets */,
				1EDD418021F9B62700700968 /* LaunchScreen.storyboard */,
				1EDD418321F9B62700700968 /* Info.plist */,
			);
			path = LogInAndSignUp;
			sourceTree = "<group>";
		};
/* End PBXGroup section */

/* Begin PBXNativeTarget section */
		1EDD417321F9B62300700968 /* LogInAndSignUp */ = {
			isa = PBXNativeTarget;
			buildConfigurationList = 1EDD418621F9B62700700968 /* Build configuration list for PBXNativeTarget "LogInAndSignUp" */;
			buildPhases = (
				1EDD417021F9B62300700968 /* Sources */,
				1EDD417121F9B62300700968 /* Frameworks */,
				1EDD417221F9B62300700968 /* Resources */,
			);
			buildRules = (
			);
			dependencies = (
			);
			name = LogInAndSignUp;
			productName = LogInAndSignUp;
			productReference = 1EDD417421F9B62300700968 /* LogInAndSignUp.app */;
			productType = "com.apple.product-type.application";
		};
/* End PBXNativeTarget section */

/* Begin PBXProject section */
		1EDD416C21F9B62300700968 /* Project object */ = {
			isa = PBXProject;
			attributes = {
				LastSwiftUpdateCheck = 1010;
				LastUpgradeCheck = 1010;
				ORGANIZATIONNAME = "Jill Yeh";
				TargetAttributes = {
					1EDD417321F9B62300700968 = {
						CreatedOnToolsVersion = 10.1;
					};
				};
			};
			buildConfigurationList = 1EDD416F21F9B62300700968 /* Build configuration list for PBXProject "LogInAndSignUp" */;
			compatibilityVersion = "Xcode 9.3";
			developmentRegion = en;
			hasScannedForEncodings = 0;
			knownRegions = (
				en,
				Base,
			);
			mainGroup = 1EDD416B21F9B62300700968;
			productRefGroup = 1EDD417521F9B62300700968 /* Products */;
			projectDirPath = "";
			projectRoot = "";
			targets = (
				1EDD417321F9B62300700968 /* LogInAndSignUp */,
			);
		};
/* End PBXProject section */

/* Begin PBXResourcesBuildPhase section */
		1EDD417221F9B62300700968 /* Resources */ = {
			isa = PBXResourcesBuildPhase;
			buildActionMask = 2147483647;
			files = (
				1EDD418221F9B62700700968 /* LaunchScreen.storyboard in Resources */,
				1EDD417F21F9B62700700968 /* Assets.xcassets in Resources */,
				1EDD417D21F9B62300700968 /* Main.storyboard in Resources */,
			);
			runOnlyForDeploymentPostprocessing = 0;
		};
/* End PBXResourcesBuildPhase section */

/* Begin PBXSourcesBuildPhase section */
		1EDD417021F9B62300700968 /* Sources */ = {
			isa = PBXSourcesBuildPhase;
			buildActionMask = 2147483647;
			files = (
				1EDD417A21F9B62300700968 /* ViewController.swift in Sources */,
				1EC7774E21FB352A00A9FD76 /* ModalViewController.swift in Sources */,
				1EC7775221FC3FE200A9FD76 /* SecondModalViewController.swift in Sources */,
				1EDD417821F9B62300700968 /* AppDelegate.swift in Sources */,
			);
			runOnlyForDeploymentPostprocessing = 0;
		};
/* End PBXSourcesBuildPhase section */

/* Begin PBXVariantGroup section */
		1EDD417B21F9B62300700968 /* Main.storyboard */ = {
			isa = PBXVariantGroup;
			children = (
				1EDD417C21F9B62300700968 /* Base */,
			);
			name = Main.storyboard;
			sourceTree = "<group>";
		};
		1EDD418021F9B62700700968 /* LaunchScreen.storyboard */ = {
			isa = PBXVariantGroup;
			children = (
				1EDD418121F9B62700700968 /* Base */,
			);
			name = LaunchScreen.storyboard;
			sourceTree = "<group>";
		};
/* End PBXVariantGroup section */

/* Begin XCBuildConfiguration section */
		1EDD418421F9B62700700968 /* Debug */ = {
			isa = XCBuildConfiguration;
			buildSettings = {
				ALWAYS_SEARCH_USER_PATHS = NO;
				CLANG_ANALYZER_NONNULL = YES;
				CLANG_ANALYZER_NUMBER_OBJECT_CONVERSION = YES_AGGRESSIVE;
				CLANG_CXX_LANGUAGE_STANDARD = "gnu++14";
				CLANG_CXX_LIBRARY = "libc++";
				CLANG_ENABLE_MODULES = YES;
				CLANG_ENABLE_OBJC_ARC = YES;
				CLANG_ENABLE_OBJC_WEAK = YES;
				CLANG_WARN_BLOCK_CAPTURE_AUTORELEASING = YES;
				CLANG_WARN_BOOL_CONVERSION = YES;
				CLANG_WARN_COMMA = YES;
				CLANG_WARN_CONSTANT_CONVERSION = YES;
				CLANG_WARN_DEPRECATED_OBJC_IMPLEMENTATIONS = YES;
				CLANG_WARN_DIRECT_OBJC_ISA_USAGE = YES_ERROR;
				CLANG_WARN_DOCUMENTATION_COMMENTS = YES;
				CLANG_WARN_EMPTY_BODY = YES;
				CLANG_WARN_ENUM_CONVERSION = YES;
				CLANG_WARN_INFINITE_RECURSION = YES;
				CLANG_WARN_INT_CONVERSION = YES;
				CLANG_WARN_NON_LITERAL_NULL_CONVERSION = YES;
				CLANG_WARN_OBJC_IMPLICIT_RETAIN_SELF = YES;
				CLANG_WARN_OBJC_LITERAL_CONVERSION = YES;
				CLANG_WARN_OBJC_ROOT_CLASS = YES_ERROR;
				CLANG_WARN_RANGE_LOOP_ANALYSIS = YES;
				CLANG_WARN_STRICT_PROTOTYPES = YES;
				CLANG_WARN_SUSPICIOUS_MOVE = YES;
				CLANG_WARN_UNGUARDED_AVAILABILITY = YES_AGGRESSIVE;
				CLANG_WARN_UNREACHABLE_CODE = YES;
				CLANG_WARN__DUPLICATE_METHOD_MATCH = YES;
				CODE_SIGN_IDENTITY = "iPhone Developer";
				COPY_PHASE_STRIP = NO;
				DEBUG_INFORMATION_FORMAT = dwarf;
				ENABLE_STRICT_OBJC_MSGSEND = YES;
				ENABLE_TESTABILITY = YES;
				GCC_C_LANGUAGE_STANDARD = gnu11;
				GCC_DYNAMIC_NO_PIC = NO;
				GCC_NO_COMMON_BLOCKS = YES;
				GCC_OPTIMIZATION_LEVEL = 0;
				GCC_PREPROCESSOR_DEFINITIONS = (
					"DEBUG=1",
					"$(inherited)",
				);
				GCC_WARN_64_TO_32_BIT_CONVERSION = YES;
				GCC_WARN_ABOUT_RETURN_TYPE = YES_ERROR;
				GCC_WARN_UNDECLARED_SELECTOR = YES;
				GCC_WARN_UNINITIALIZED_AUTOS = YES_AGGRESSIVE;
				GCC_WARN_UNUSED_FUNCTION = YES;
				GCC_WARN_UNUSED_VARIABLE = YES;
				IPHONEOS_DEPLOYMENT_TARGET = 12.1;
				MTL_ENABLE_DEBUG_INFO = INCLUDE_SOURCE;
				MTL_FAST_MATH = YES;
				ONLY_ACTIVE_ARCH = YES;
				SDKROOT = iphoneos;
				SWIFT_ACTIVE_COMPILATION_CONDITIONS = DEBUG;
				SWIFT_OPTIMIZATION_LEVEL = "-Onone";
			};
			name = Debug;
		};
		1EDD418521F9B62700700968 /* Release */ = {
			isa = XCBuildConfiguration;
			buildSettings = {
				ALWAYS_SEARCH_USER_PATHS = NO;
				CLANG_ANALYZER_NONNULL = YES;
				CLANG_ANALYZER_NUMBER_OBJECT_CONVERSION = YES_AGGRESSIVE;
				CLANG_CXX_LANGUAGE_STANDARD = "gnu++14";
				CLANG_CXX_LIBRARY = "libc++";
				CLANG_ENABLE_MODULES = YES;
				CLANG_ENABLE_OBJC_ARC = YES;
				CLANG_ENABLE_OBJC_WEAK = YES;
				CLANG_WARN_BLOCK_CAPTURE_AUTORELEASING = YES;
				CLANG_WARN_BOOL_CONVERSION = YES;
				CLANG_WARN_COMMA = YES;
				CLANG_WARN_CONSTANT_CONVERSION = YES;
				CLANG_WARN_DEPRECATED_OBJC_IMPLEMENTATIONS = YES;
				CLANG_WARN_DIRECT_OBJC_ISA_USAGE = YES_ERROR;
				CLANG_WARN_DOCUMENTATION_COMMENTS = YES;
				CLANG_WARN_EMPTY_BODY = YES;
				CLANG_WARN_ENUM_CONVERSION = YES;
				CLANG_WARN_INFINITE_RECURSION = YES;
				CLANG_WARN_INT_CONVERSION = YES;
				CLANG_WARN_NON_LITERAL_NULL_CONVERSION = YES;
				CLANG_WARN_OBJC_IMPLICIT_RETAIN_SELF = YES;
				CLANG_WARN_OBJC_LITERAL_CONVERSION = YES;
				CLANG_WARN_OBJC_ROOT_CLASS = YES_ERROR;
				CLANG_WARN_RANGE_LOOP_ANALYSIS = YES;
				CLANG_WARN_STRICT_PROTOTYPES = YES;
				CLANG_WARN_SUSPICIOUS_MOVE = YES;
				CLANG_WARN_UNGUARDED_AVAILABILITY = YES_AGGRESSIVE;
				CLANG_WARN_UNREACHABLE_CODE = YES;
				CLANG_WARN__DUPLICATE_METHOD_MATCH = YES;
				CODE_SIGN_IDENTITY = "iPhone Developer";
				COPY_PHASE_STRIP = NO;
				DEBUG_INFORMATION_FORMAT = "dwarf-with-dsym";
				ENABLE_NS_ASSERTIONS = NO;
				ENABLE_STRICT_OBJC_MSGSEND = YES;
				GCC_C_LANGUAGE_STANDARD = gnu11;
				GCC_NO_COMMON_BLOCKS = YES;
				GCC_WARN_64_TO_32_BIT_CONVERSION = YES;
				GCC_WARN_ABOUT_RETURN_TYPE = YES_ERROR;
				GCC_WARN_UNDECLARED_SELECTOR = YES;
				GCC_WARN_UNINITIALIZED_AUTOS = YES_AGGRESSIVE;
				GCC_WARN_UNUSED_FUNCTION = YES;
				GCC_WARN_UNUSED_VARIABLE = YES;
				IPHONEOS_DEPLOYMENT_TARGET = 12.1;
				MTL_ENABLE_DEBUG_INFO = NO;
				MTL_FAST_MATH = YES;
				SDKROOT = iphoneos;
				SWIFT_COMPILATION_MODE = wholemodule;
				SWIFT_OPTIMIZATION_LEVEL = "-O";
				VALIDATE_PRODUCT = YES;
			};
			name = Release;
		};
		1EDD418721F9B62700700968 /* Debug */ = {
			isa = XCBuildConfiguration;
			buildSettings = {
				ASSETCATALOG_COMPILER_APPICON_NAME = AppIcon;
				CODE_SIGN_STYLE = Automatic;
				DEVELOPMENT_TEAM = TS57F7BKT5;
				INFOPLIST_FILE = LogInAndSignUp/Info.plist;
				LD_RUNPATH_SEARCH_PATHS = (
					"$(inherited)",
					"@executable_path/Frameworks",
				);
				PRODUCT_BUNDLE_IDENTIFIER = com.JillYeh.LogInAndSignUp;
				PRODUCT_NAME = "$(TARGET_NAME)";
				SWIFT_VERSION = 4.2;
				TARGETED_DEVICE_FAMILY = "1,2";
			};
			name = Debug;
		};
		1EDD418821F9B62700700968 /* Release */ = {
			isa = XCBuildConfiguration;
			buildSettings = {
				ASSETCATALOG_COMPILER_APPICON_NAME = AppIcon;
				CODE_SIGN_STYLE = Automatic;
				DEVELOPMENT_TEAM = TS57F7BKT5;
				INFOPLIST_FILE = LogInAndSignUp/Info.plist;
				LD_RUNPATH_SEARCH_PATHS = (
					"$(inherited)",
					"@executable_path/Frameworks",
				);
				PRODUCT_BUNDLE_IDENTIFIER = com.JillYeh.LogInAndSignUp;
				PRODUCT_NAME = "$(TARGET_NAME)";
				SWIFT_VERSION = 4.2;
				TARGETED_DEVICE_FAMILY = "1,2";
			};
			name = Release;
		};
/* End XCBuildConfiguration section */

/* Begin XCConfigurationList section */
		1EDD416F21F9B62300700968 /* Build configuration list for PBXProject "LogInAndSignUp" */ = {
			isa = XCConfigurationList;
			buildConfigurations = (
				1EDD418421F9B62700700968 /* Debug */,
				1EDD418521F9B62700700968 /* Release */,
			);
			defaultConfigurationIsVisible = 0;
			defaultConfigurationName = Release;
		};
		1EDD418621F9B62700700968 /* Build configuration list for PBXNativeTarget "LogInAndSignUp" */ = {
			isa = XCConfigurationList;
			buildConfigurations = (
				1EDD418721F9B62700700968 /* Debug */,
				1EDD418821F9B62700700968 /* Release */,
			);
			defaultConfigurationIsVisible = 0;
			defaultConfigurationName = Release;
		};
/* End XCConfigurationList section */
	};
	rootObject = 1EDD416C21F9B62300700968 /* Project object */;
}
